
Microsoft Visual Studio Solution File, Format Version 12.00
# Visual Studio Version 17
VisualStudioVersion = 17.0.32126.317
MinimumVisualStudioVersion = 10.0.40219.1
Project("{FAE04EC0-301F-11D3-BF4B-00C04F79EFBC}") = "Concert", "Concert\Concert.csproj", "{F6A64658-C621-4637-B21B-01D9D6F9C6C6}"
EndProject
Global
	GlobalSection(SolutionConfigurationPlatforms) = preSolution
		Debug|Any CPU = Debug|Any CPU
		Release|Any CPU = Release|Any CPU
	EndGlobalSection
	GlobalSection(ProjectConfigurationPlatforms) = postSolution
		{F6A64658-C621-4637-B21B-01D9D6F9C6C6}.Debug|Any CPU.ActiveCfg = Debug|Any CPU
		{F6A64658-C621-4637-B21B-01D9D6F9C6C6}.Debug|Any CPU.Build.0 = Debug|Any CPU
		{F6A64658-C621-4637-B21B-01D9D6F9C6C6}.Release|Any CPU.ActiveCfg = Release|Any CPU
		{F6A64658-C621-4637-B21B-01D9D6F9C6C6}.Release|Any CPU.Build.0 = Release|Any CPU
	EndGlobalSection
	GlobalSection(SolutionProperties) = preSolution
		HideSolutionNode = FALSE
	EndGlobalSection
	GlobalSection(ExtensibilityGlobals) = postSolution
		SolutionGuid = {C7CCFEB8-73C2-4805-B50F-D08E3B81843F}
	EndGlobalSection
EndGlobal
